
Microsoft Visual Studio Solution File, Format Version 12.00
# Visual Studio Version 17
VisualStudioVersion = 17.11.35208.52
MinimumVisualStudioVersion = 10.0.40219.1
Project("{FAE04EC0-301F-11D3-BF4B-00C04F79EFBC}") = "InterviewCopilotInsight", "InterviewCopilotInsight\InterviewCopilotInsight.csproj", "{C625D84F-FEBA-418B-88DA-A2745451B67A}"
EndProject
Global
	GlobalSection(SolutionConfigurationPlatforms) = preSolution
		Debug|Any CPU = Debug|Any CPU
		Release|Any CPU = Release|Any CPU
	EndGlobalSection
	GlobalSection(ProjectConfigurationPlatforms) = postSolution
		{C625D84F-FEBA-418B-88DA-A2745451B67A}.Debug|Any CPU.ActiveCfg = Debug|Any CPU
		{C625D84F-FEBA-418B-88DA-A2745451B67A}.Debug|Any CPU.Build.0 = Debug|Any CPU
		{C625D84F-FEBA-418B-88DA-A2745451B67A}.Release|Any CPU.ActiveCfg = Release|Any CPU
		{C625D84F-FEBA-418B-88DA-A2745451B67A}.Release|Any CPU.Build.0 = Release|Any CPU
	EndGlobalSection
	GlobalSection(SolutionProperties) = preSolution
		HideSolutionNode = FALSE
	EndGlobalSection
	GlobalSection(ExtensibilityGlobals) = postSolution
		SolutionGuid = {D469A06A-36B1-4C3F-8383-AC2F1F1B35C5}
	EndGlobalSection
EndGlobal
